
Microsoft Visual Studio Solution File, Format Version 12.00
# Visual Studio Version 16
VisualStudioVersion = 16.0.29215.179
MinimumVisualStudioVersion = 10.0.40219.1
Project("{888888A0-9F3D-457C-B088-3A5042F75D52}") = "Faktor", "Faktor.pyproj", "{A5C61EDB-C1FA-4208-88FD-D75EBC6B7FD1}"
EndProject
Global
	GlobalSection(SolutionConfigurationPlatforms) = preSolution
		Debug|Any CPU = Debug|Any CPU
		Release|Any CPU = Release|Any CPU
	EndGlobalSection
	GlobalSection(ProjectConfigurationPlatforms) = postSolution
		{A5C61EDB-C1FA-4208-88FD-D75EBC6B7FD1}.Debug|Any CPU.ActiveCfg = Debug|Any CPU
		{A5C61EDB-C1FA-4208-88FD-D75EBC6B7FD1}.Release|Any CPU.ActiveCfg = Release|Any CPU
	EndGlobalSection
	GlobalSection(SolutionProperties) = preSolution
		HideSolutionNode = FALSE
	EndGlobalSection
	GlobalSection(ExtensibilityGlobals) = postSolution
		SolutionGuid = {29BBD4D9-078A-46F6-8735-24F5475BB6DF}
	EndGlobalSection
EndGlobal
